// !$*UTF8*$!
{
	archiveVersion = 1;
	classes = {
	};
	objectVersion = 50;
	objects = {

/* Begin PBXBuildFile section */
		978224DA21A69F5800D29443 /* AppDelegate.swift in Sources */ = {isa = PBXBuildFile; fileRef = 978224D921A69F5800D29443 /* AppDelegate.swift */; };
		978224DC21A69F5800D29443 /* WeatherViewController.swift in Sources */ = {isa = PBXBuildFile; fileRef = 978224DB21A69F5800D29443 /* WeatherViewController.swift */; };
		978224DF21A69F5800D29443 /* Main.storyboard in Resources */ = {isa = PBXBuildFile; fileRef = 978224DD21A69F5800D29443 /* Main.storyboard */; };
		978224E121A69F5900D29443 /* Assets.xcassets in Resources */ = {isa = PBXBuildFile; fileRef = 978224E021A69F5900D29443 /* Assets.xcassets */; };
		978224E421A69F5900D29443 /* LaunchScreen.storyboard in Resources */ = {isa = PBXBuildFile; fileRef = 978224E221A69F5900D29443 /* LaunchScreen.storyboard */; };
		978224EF21A6A50E00D29443 /* ChangeCityViewController.swift in Sources */ = {isa = PBXBuildFile; fileRef = 978224EE21A6A50E00D29443 /* ChangeCityViewController.swift */; };
		978224F121A6FFF700D29443 /* WeatherDataModel.swift in Sources */ = {isa = PBXBuildFile; fileRef = 978224F021A6FFF700D29443 /* WeatherDataModel.swift */; };
		E52C4206AF72F9EFA4646199 /* Pods_Clima.framework in Frameworks */ = {isa = PBXBuildFile; fileRef = D7E50468D67E104053676CDC /* Pods_Clima.framework */; };
/* End PBXBuildFile section */

/* Begin PBXFileReference section */
		0B76AB2FE8064F85FBA6AB1F /* Pods-Clima.debug.xcconfig */ = {isa = PBXFileReference; includeInIndex = 1; lastKnownFileType = text.xcconfig; name = "Pods-Clima.debug.xcconfig"; path = "Pods/Target Support Files/Pods-Clima/Pods-Clima.debug.xcconfig"; sourceTree = "<group>"; };
		978224D621A69F5800D29443 /* Clima.app */ = {isa = PBXFileReference; explicitFileType = wrapper.application; includeInIndex = 0; path = Clima.app; sourceTree = BUILT_PRODUCTS_DIR; };
		978224D921A69F5800D29443 /* AppDelegate.swift */ = {isa = PBXFileReference; lastKnownFileType = sourcecode.swift; path = AppDelegate.swift; sourceTree = "<group>"; };
		978224DB21A69F5800D29443 /* WeatherViewController.swift */ = {isa = PBXFileReference; lastKnownFileType = sourcecode.swift; path = WeatherViewController.swift; sourceTree = "<group>"; };
		978224DE21A69F5800D29443 /* Base */ = {isa = PBXFileReference; lastKnownFileType = file.storyboard; name = Base; path = Base.lproj/Main.storyboard; sourceTree = "<group>"; };
		978224E021A69F5900D29443 /* Assets.xcassets */ = {isa = PBXFileReference; lastKnownFileType = folder.assetcatalog; path = Assets.xcassets; sourceTree = "<group>"; };
		978224E321A69F5900D29443 /* Base */ = {isa = PBXFileReference; lastKnownFileType = file.storyboard; name = Base; path = Base.lproj/LaunchScreen.storyboard; sourceTree = "<group>"; };
		978224E521A69F5900D29443 /* Info.plist */ = {isa = PBXFileReference; lastKnownFileType = text.plist.xml; path = Info.plist; sourceTree = "<group>"; };
		978224EE21A6A50E00D29443 /* ChangeCityViewController.swift */ = {isa = PBXFileReference; lastKnownFileType = sourcecode.swift; path = ChangeCityViewController.swift; sourceTree = "<group>"; };
		978224F021A6FFF700D29443 /* WeatherDataModel.swift */ = {isa = PBXFileReference; lastKnownFileType = sourcecode.swift; path = WeatherDataModel.swift; sourceTree = "<group>"; };
		C8905C3111232AE1BD5FBB6B /* Pods-Clima.release.xcconfig */ = {isa = PBXFileReference; includeInIndex = 1; lastKnownFileType = text.xcconfig; name = "Pods-Clima.release.xcconfig"; path = "Pods/Target Support Files/Pods-Clima/Pods-Clima.release.xcconfig"; sourceTree = "<group>"; };
		D7E50468D67E104053676CDC /* Pods_Clima.framework */ = {isa = PBXFileReference; explicitFileType = wrapper.framework; includeInIndex = 0; path = Pods_Clima.framework; sourceTree = BUILT_PRODUCTS_DIR; };
/* End PBXFileReference section */

/* Begin PBXFrameworksBuildPhase section */
		978224D321A69F5800D29443 /* Frameworks */ = {
			isa = PBXFrameworksBuildPhase;
			buildActionMask = 2147483647;
			files = (
				E52C4206AF72F9EFA4646199 /* Pods_Clima.framework in Frameworks */,
			);
			runOnlyForDeploymentPostprocessing = 0;
		};
/* End PBXFrameworksBuildPhase section */

/* Begin PBXGroup section */
		462E11514B18149B6C1CDE8C /* Frameworks */ = {
			isa = PBXGroup;
			children = (
				D7E50468D67E104053676CDC /* Pods_Clima.framework */,
			);
			name = Frameworks;
			sourceTree = "<group>";
		};
		978224CD21A69F5800D29443 = {
			isa = PBXGroup;
			children = (
				978224D821A69F5800D29443 /* Clima */,
				978224D721A69F5800D29443 /* Products */,
				B1744FCEDF1E14695F293956 /* Pods */,
				462E11514B18149B6C1CDE8C /* Frameworks */,
			);
			sourceTree = "<group>";
		};
		978224D721A69F5800D29443 /* Products */ = {
			isa = PBXGroup;
			children = (
				978224D621A69F5800D29443 /* Clima.app */,
			);
			name = Products;
			sourceTree = "<group>";
		};
		978224D821A69F5800D29443 /* Clima */ = {
			isa = PBXGroup;
			children = (
				978224ED21A6A4C700D29443 /* Controller */,
				978224EC21A6A4C000D29443 /* View */,
				978224EB21A6A4B500D29443 /* Model */,
				978224E021A69F5900D29443 /* Assets.xcassets */,
				978224E221A69F5900D29443 /* LaunchScreen.storyboard */,
				978224E521A69F5900D29443 /* Info.plist */,
			);
			path = Clima;
			sourceTree = "<group>";
		};
		978224EB21A6A4B500D29443 /* Model */ = {
			isa = PBXGroup;
			children = (
				978224F021A6FFF700D29443 /* WeatherDataModel.swift */,
			);
			path = Model;
			sourceTree = "<group>";
		};
		978224EC21A6A4C000D29443 /* View */ = {
			isa = PBXGroup;
			children = (
				978224DD21A69F5800D29443 /* Main.storyboard */,
			);
			path = View;
			sourceTree = "<group>";
		};
		978224ED21A6A4C700D29443 /* Controller */ = {
			isa = PBXGroup;
			children = (
				978224D921A69F5800D29443 /* AppDelegate.swift */,
				978224DB21A69F5800D29443 /* WeatherViewController.swift */,
				978224EE21A6A50E00D29443 /* ChangeCityViewController.swift */,
			);
			path = Controller;
			sourceTree = "<group>";
		};
		B1744FCEDF1E14695F293956 /* Pods */ = {
			isa = PBXGroup;
			children = (
				0B76AB2FE8064F85FBA6AB1F /* Pods-Clima.debug.xcconfig */,
				C8905C3111232AE1BD5FBB6B /* Pods-Clima.release.xcconfig */,
			);
			name = Pods;
			sourceTree = "<group>";
		};
/* End PBXGroup section */

/* Begin PBXNativeTarget section */
		978224D521A69F5800D29443 /* Clima */ = {
			isa = PBXNativeTarget;
			buildConfigurationList = 978224E821A69F5900D29443 /* Build configuration list for PBXNativeTarget "Clima" */;
			buildPhases = (
				E82060004421B9FA5256091A /* [CP] Check Pods Manifest.lock */,
				978224D221A69F5800D29443 /* Sources */,
				978224D321A69F5800D29443 /* Frameworks */,
				978224D421A69F5800D29443 /* Resources */,
				258AF43B2ECEE35D766C293D /* [CP] Embed Pods Frameworks */,
			);
			buildRules = (
			);
			dependencies = (
			);
			name = Clima;
			productName = Clima;
			productReference = 978224D621A69F5800D29443 /* Clima.app */;
			productType = "com.apple.product-type.application";
		};
/* End PBXNativeTarget section */

/* Begin PBXProject section */
		978224CE21A69F5800D29443 /* Project object */ = {
			isa = PBXProject;
			attributes = {
				LastSwiftUpdateCheck = 1010;
				LastUpgradeCheck = 1010;
				ORGANIZATIONNAME = "Ketan Choyal";
				TargetAttributes = {
					978224D521A69F5800D29443 = {
						CreatedOnToolsVersion = 10.1;
					};
				};
			};
			buildConfigurationList = 978224D121A69F5800D29443 /* Build configuration list for PBXProject "Clima" */;
			compatibilityVersion = "Xcode 9.3";
			developmentRegion = en;
			hasScannedForEncodings = 0;
			knownRegions = (
				en,
				Base,
			);
			mainGroup = 978224CD21A69F5800D29443;
			productRefGroup = 978224D721A69F5800D29443 /* Products */;
			projectDirPath = "";
			projectRoot = "";
			targets = (
				978224D521A69F5800D29443 /* Clima */,
			);
		};
/* End PBXProject section */

/* Begin PBXResourcesBuildPhase section */
		978224D421A69F5800D29443 /* Resources */ = {
			isa = PBXResourcesBuildPhase;
			buildActionMask = 2147483647;
			files = (
				978224E421A69F5900D29443 /* LaunchScreen.storyboard in Resources */,
				978224E121A69F5900D29443 /* Assets.xcassets in Resources */,
				978224DF21A69F5800D29443 /* Main.storyboard in Resources */,
			);
			runOnlyForDeploymentPostprocessing = 0;
		};
/* End PBXResourcesBuildPhase section */

/* Begin PBXShellScriptBuildPhase section */
		258AF43B2ECEE35D766C293D /* [CP] Embed Pods Frameworks */ = {
			isa = PBXShellScriptBuildPhase;
			buildActionMask = 2147483647;
			files = (
			);
			inputFileListPaths = (
			);
			inputPaths = (
				"${SRCROOT}/Pods/Target Support Files/Pods-Clima/Pods-Clima-frameworks.sh",
				"${BUILT_PRODUCTS_DIR}/Alamofire/Alamofire.framework",
				"${BUILT_PRODUCTS_DIR}/SVProgressHUD/SVProgressHUD.framework",
				"${BUILT_PRODUCTS_DIR}/SwiftyJSON/SwiftyJSON.framework",
			);
			name = "[CP] Embed Pods Frameworks";
			outputFileListPaths = (
			);
			outputPaths = (
				"${TARGET_BUILD_DIR}/${FRAMEWORKS_FOLDER_PATH}/Alamofire.framework",
				"${TARGET_BUILD_DIR}/${FRAMEWORKS_FOLDER_PATH}/SVProgressHUD.framework",
				"${TARGET_BUILD_DIR}/${FRAMEWORKS_FOLDER_PATH}/SwiftyJSON.framework",
			);
			runOnlyForDeploymentPostprocessing = 0;
			shellPath = /bin/sh;
			shellScript = "\"${SRCROOT}/Pods/Target Support Files/Pods-Clima/Pods-Clima-frameworks.sh\"\n";
			showEnvVarsInLog = 0;
		};
		E82060004421B9FA5256091A /* [CP] Check Pods Manifest.lock */ = {
			isa = PBXShellScriptBuildPhase;
			buildActionMask = 2147483647;
			files = (
			);
			inputFileListPaths = (
			);
			inputPaths = (
				"${PODS_PODFILE_DIR_PATH}/Podfile.lock",
				"${PODS_ROOT}/Manifest.lock",
			);
			name = "[CP] Check Pods Manifest.lock";
			outputFileListPaths = (
			);
			outputPaths = (
				"$(DERIVED_FILE_DIR)/Pods-Clima-checkManifestLockResult.txt",
			);
			runOnlyForDeploymentPostprocessing = 0;
			shellPath = /bin/sh;
			shellScript = "diff \"${PODS_PODFILE_DIR_PATH}/Podfile.lock\" \"${PODS_ROOT}/Manifest.lock\" > /dev/null\nif [ $? != 0 ] ; then\n    # print error to STDERR\n    echo \"error: The sandbox is not in sync with the Podfile.lock. Run 'pod install' or update your CocoaPods installation.\" >&2\n    exit 1\nfi\n# This output is used by Xcode 'outputs' to avoid re-running this script phase.\necho \"SUCCESS\" > \"${SCRIPT_OUTPUT_FILE_0}\"\n";
			showEnvVarsInLog = 0;
		};
/* End PBXShellScriptBuildPhase section */

/* Begin PBXSourcesBuildPhase section */
		978224D221A69F5800D29443 /* Sources */ = {
			isa = PBXSourcesBuildPhase;
			buildActionMask = 2147483647;
			files = (
				978224F121A6FFF700D29443 /* WeatherDataModel.swift in Sources */,
				978224DC21A69F5800D29443 /* WeatherViewController.swift in Sources */,
				978224DA21A69F5800D29443 /* AppDelegate.swift in Sources */,
				978224EF21A6A50E00D29443 /* ChangeCityViewController.swift in Sources */,
			);
			runOnlyForDeploymentPostprocessing = 0;
		};
/* End PBXSourcesBuildPhase section */

/* Begin PBXVariantGroup section */
		978224DD21A69F5800D29443 /* Main.storyboard */ = {
			isa = PBXVariantGroup;
			children = (
				978224DE21A69F5800D29443 /* Base */,
			);
			name = Main.storyboard;
			sourceTree = "<group>";
		};
		978224E221A69F5900D29443 /* LaunchScreen.storyboard */ = {
			isa = PBXVariantGroup;
			children = (
				978224E321A69F5900D29443 /* Base */,
			);
			name = LaunchScreen.storyboard;
			sourceTree = "<group>";
		};
/* End PBXVariantGroup section */

/* Begin XCBuildConfiguration section */
		978224E621A69F5900D29443 /* Debug */ = {
			isa = XCBuildConfiguration;
			buildSettings = {
				ALWAYS_SEARCH_USER_PATHS = NO;
				CLANG_ANALYZER_NONNULL = YES;
				CLANG_ANALYZER_NUMBER_OBJECT_CONVERSION = YES_AGGRESSIVE;
				CLANG_CXX_LANGUAGE_STANDARD = "gnu++14";
				CLANG_CXX_LIBRARY = "libc++";
				CLANG_ENABLE_MODULES = YES;
				CLANG_ENABLE_OBJC_ARC = YES;
				CLANG_ENABLE_OBJC_WEAK = YES;
				CLANG_WARN_BLOCK_CAPTURE_AUTORELEASING = YES;
				CLANG_WARN_BOOL_CONVERSION = YES;
				CLANG_WARN_COMMA = YES;
				CLANG_WARN_CONSTANT_CONVERSION = YES;
				CLANG_WARN_DEPRECATED_OBJC_IMPLEMENTATIONS = YES;
				CLANG_WARN_DIRECT_OBJC_ISA_USAGE = YES_ERROR;
				CLANG_WARN_DOCUMENTATION_COMMENTS = YES;
				CLANG_WARN_EMPTY_BODY = YES;
				CLANG_WARN_ENUM_CONVERSION = YES;
				CLANG_WARN_INFINITE_RECURSION = YES;
				CLANG_WARN_INT_CONVERSION = YES;
				CLANG_WARN_NON_LITERAL_NULL_CONVERSION = YES;
				CLANG_WARN_OBJC_IMPLICIT_RETAIN_SELF = YES;
				CLANG_WARN_OBJC_LITERAL_CONVERSION = YES;
				CLANG_WARN_OBJC_ROOT_CLASS = YES_ERROR;
				CLANG_WARN_RANGE_LOOP_ANALYSIS = YES;
				CLANG_WARN_STRICT_PROTOTYPES = YES;
				CLANG_WARN_SUSPICIOUS_MOVE = YES;
				CLANG_WARN_UNGUARDED_AVAILABILITY = YES_AGGRESSIVE;
				CLANG_WARN_UNREACHABLE_CODE = YES;
				CLANG_WARN__DUPLICATE_METHOD_MATCH = YES;
				CODE_SIGN_IDENTITY = "iPhone Developer";
				COPY_PHASE_STRIP = NO;
				DEBUG_INFORMATION_FORMAT = dwarf;
				ENABLE_STRICT_OBJC_MSGSEND = YES;
				ENABLE_TESTABILITY = YES;
				GCC_C_LANGUAGE_STANDARD = gnu11;
				GCC_DYNAMIC_NO_PIC = NO;
				GCC_NO_COMMON_BLOCKS = YES;
				GCC_OPTIMIZATION_LEVEL = 0;
				GCC_PREPROCESSOR_DEFINITIONS = (
					"DEBUG=1",
					"$(inherited)",
				);
				GCC_WARN_64_TO_32_BIT_CONVERSION = YES;
				GCC_WARN_ABOUT_RETURN_TYPE = YES_ERROR;
				GCC_WARN_UNDECLARED_SELECTOR = YES;
				GCC_WARN_UNINITIALIZED_AUTOS = YES_AGGRESSIVE;
				GCC_WARN_UNUSED_FUNCTION = YES;
				GCC_WARN_UNUSED_VARIABLE = YES;
				IPHONEOS_DEPLOYMENT_TARGET = 12.1;
				MTL_ENABLE_DEBUG_INFO = INCLUDE_SOURCE;
				MTL_FAST_MATH = YES;
				ONLY_ACTIVE_ARCH = YES;
				SDKROOT = iphoneos;
				SWIFT_ACTIVE_COMPILATION_CONDITIONS = DEBUG;
				SWIFT_OPTIMIZATION_LEVEL = "-Onone";
			};
			name = Debug;
		};
		978224E721A69F5900D29443 /* Release */ = {
			isa = XCBuildConfiguration;
			buildSettings = {
				ALWAYS_SEARCH_USER_PATHS = NO;
				CLANG_ANALYZER_NONNULL = YES;
				CLANG_ANALYZER_NUMBER_OBJECT_CONVERSION = YES_AGGRESSIVE;
				CLANG_CXX_LANGUAGE_STANDARD = "gnu++14";
				CLANG_CXX_LIBRARY = "libc++";
				CLANG_ENABLE_MODULES = YES;
				CLANG_ENABLE_OBJC_ARC = YES;
				CLANG_ENABLE_OBJC_WEAK = YES;
				CLANG_WARN_BLOCK_CAPTURE_AUTORELEASING = YES;
				CLANG_WARN_BOOL_CONVERSION = YES;
				CLANG_WARN_COMMA = YES;
				CLANG_WARN_CONSTANT_CONVERSION = YES;
				CLANG_WARN_DEPRECATED_OBJC_IMPLEMENTATIONS = YES;
				CLANG_WARN_DIRECT_OBJC_ISA_USAGE = YES_ERROR;
				CLANG_WARN_DOCUMENTATION_COMMENTS = YES;
				CLANG_WARN_EMPTY_BODY = YES;
				CLANG_WARN_ENUM_CONVERSION = YES;
				CLANG_WARN_INFINITE_RECURSION = YES;
				CLANG_WARN_INT_CONVERSION = YES;
				CLANG_WARN_NON_LITERAL_NULL_CONVERSION = YES;
				CLANG_WARN_OBJC_IMPLICIT_RETAIN_SELF = YES;
				CLANG_WARN_OBJC_LITERAL_CONVERSION = YES;
				CLANG_WARN_OBJC_ROOT_CLASS = YES_ERROR;
				CLANG_WARN_RANGE_LOOP_ANALYSIS = YES;
				CLANG_WARN_STRICT_PROTOTYPES = YES;
				CLANG_WARN_SUSPICIOUS_MOVE = YES;
				CLANG_WARN_UNGUARDED_AVAILABILITY = YES_AGGRESSIVE;
				CLANG_WARN_UNREACHABLE_CODE = YES;
				CLANG_WARN__DUPLICATE_METHOD_MATCH = YES;
				CODE_SIGN_IDENTITY = "iPhone Developer";
				COPY_PHASE_STRIP = NO;
				DEBUG_INFORMATION_FORMAT = "dwarf-with-dsym";
				ENABLE_NS_ASSERTIONS = NO;
				ENABLE_STRICT_OBJC_MSGSEND = YES;
				GCC_C_LANGUAGE_STANDARD = gnu11;
				GCC_NO_COMMON_BLOCKS = YES;
				GCC_WARN_64_TO_32_BIT_CONVERSION = YES;
				GCC_WARN_ABOUT_RETURN_TYPE = YES_ERROR;
				GCC_WARN_UNDECLARED_SELECTOR = YES;
				GCC_WARN_UNINITIALIZED_AUTOS = YES_AGGRESSIVE;
				GCC_WARN_UNUSED_FUNCTION = YES;
				GCC_WARN_UNUSED_VARIABLE = YES;
				IPHONEOS_DEPLOYMENT_TARGET = 12.1;
				MTL_ENABLE_DEBUG_INFO = NO;
				MTL_FAST_MATH = YES;
				SDKROOT = iphoneos;
				SWIFT_COMPILATION_MODE = wholemodule;
				SWIFT_OPTIMIZATION_LEVEL = "-O";
				VALIDATE_PRODUCT = YES;
			};
			name = Release;
		};
		978224E921A69F5900D29443 /* Debug */ = {
			isa = XCBuildConfiguration;
			baseConfigurationReference = 0B76AB2FE8064F85FBA6AB1F /* Pods-Clima.debug.xcconfig */;
			buildSettings = {
				ASSETCATALOG_COMPILER_APPICON_NAME = AppIcon;
				CODE_SIGN_STYLE = Automatic;
				DEVELOPMENT_TEAM = V3ZBX77VJ3;
				INFOPLIST_FILE = Clima/Info.plist;
				LD_RUNPATH_SEARCH_PATHS = (
					"$(inherited)",
					"@executable_path/Frameworks",
				);
				PRODUCT_BUNDLE_IDENTIFIER = com.ketanchoyal.Clima;
				PRODUCT_NAME = "$(TARGET_NAME)";
				SWIFT_VERSION = 4.2;
				TARGETED_DEVICE_FAMILY = 1;
			};
			name = Debug;
		};
		978224EA21A69F5900D29443 /* Release */ = {
			isa = XCBuildConfiguration;
			baseConfigurationReference = C8905C3111232AE1BD5FBB6B /* Pods-Clima.release.xcconfig */;
			buildSettings = {
				ASSETCATALOG_COMPILER_APPICON_NAME = AppIcon;
				CODE_SIGN_STYLE = Automatic;
				DEVELOPMENT_TEAM = V3ZBX77VJ3;
				INFOPLIST_FILE = Clima/Info.plist;
				LD_RUNPATH_SEARCH_PATHS = (
					"$(inherited)",
					"@executable_path/Frameworks",
				);
				PRODUCT_BUNDLE_IDENTIFIER = com.ketanchoyal.Clima;
				PRODUCT_NAME = "$(TARGET_NAME)";
				SWIFT_VERSION = 4.2;
				TARGETED_DEVICE_FAMILY = 1;
			};
			name = Release;
		};
/* End XCBuildConfiguration section */

/* Begin XCConfigurationList section */
		978224D121A69F5800D29443 /* Build configuration list for PBXProject "Clima" */ = {
			isa = XCConfigurationList;
			buildConfigurations = (
				978224E621A69F5900D29443 /* Debug */,
				978224E721A69F5900D29443 /* Release */,
			);
			defaultConfigurationIsVisible = 0;
			defaultConfigurationName = Release;
		};
		978224E821A69F5900D29443 /* Build configuration list for PBXNativeTarget "Clima" */ = {
			isa = XCConfigurationList;
			buildConfigurations = (
				978224E921A69F5900D29443 /* Debug */,
				978224EA21A69F5900D29443 /* Release */,
			);
			defaultConfigurationIsVisible = 0;
			defaultConfigurationName = Release;
		};
/* End XCConfigurationList section */
	};
	rootObject = 978224CE21A69F5800D29443 /* Project object */;
}
